
Microsoft Visual Studio Solution File, Format Version 12.00
# Visual Studio 15
VisualStudioVersion = 15.0.28307.572
MinimumVisualStudioVersion = 10.0.40219.1
Project("{FAE04EC0-301F-11D3-BF4B-00C04F79EFBC}") = "AgencyApp.Android", "AgencyApp\AgencyApp.Android\AgencyApp.Android.csproj", "{35F1704C-16E7-4778-AA5E-DC218B1B70EE}"
EndProject
Project("{FAE04EC0-301F-11D3-BF4B-00C04F79EFBC}") = "AgencyApp.iOS", "AgencyApp\AgencyApp.iOS\AgencyApp.iOS.csproj", "{E66E6914-8B87-48A5-9179-A03D002DB7F1}"
EndProject
Project("{FAE04EC0-301F-11D3-BF4B-00C04F79EFBC}") = "AgencyApp", "AgencyApp\AgencyApp\AgencyApp.csproj", "{ADDBB549-ACAC-434D-99D1-8F26787354BF}"
EndProject
Global
	GlobalSection(SolutionConfigurationPlatforms) = preSolution
		Ad-Hoc|Any CPU = Ad-Hoc|Any CPU
		Ad-Hoc|iPhone = Ad-Hoc|iPhone
		Ad-Hoc|iPhoneSimulator = Ad-Hoc|iPhoneSimulator
		AppStore|Any CPU = AppStore|Any CPU
		AppStore|iPhone = AppStore|iPhone
		AppStore|iPhoneSimulator = AppStore|iPhoneSimulator
		Debug|Any CPU = Debug|Any CPU
		Debug|iPhone = Debug|iPhone
		Debug|iPhoneSimulator = Debug|iPhoneSimulator
		Release|Any CPU = Release|Any CPU
		Release|iPhone = Release|iPhone
		Release|iPhoneSimulator = Release|iPhoneSimulator
	EndGlobalSection
	GlobalSection(ProjectConfigurationPlatforms) = postSolution
		{35F1704C-16E7-4778-AA5E-DC218B1B70EE}.Ad-Hoc|Any CPU.ActiveCfg = Release|Any CPU
		{35F1704C-16E7-4778-AA5E-DC218B1B70EE}.Ad-Hoc|Any CPU.Build.0 = Release|Any CPU
		{35F1704C-16E7-4778-AA5E-DC218B1B70EE}.Ad-Hoc|Any CPU.Deploy.0 = Release|Any CPU
		{35F1704C-16E7-4778-AA5E-DC218B1B70EE}.Ad-Hoc|iPhone.ActiveCfg = Release|Any CPU
		{35F1704C-16E7-4778-AA5E-DC218B1B70EE}.Ad-Hoc|iPhone.Build.0 = Release|Any CPU
		{35F1704C-16E7-4778-AA5E-DC218B1B70EE}.Ad-Hoc|iPhone.Deploy.0 = Release|Any CPU
		{35F1704C-16E7-4778-AA5E-DC218B1B70EE}.Ad-Hoc|iPhoneSimulator.ActiveCfg = Release|Any CPU
		{35F1704C-16E7-4778-AA5E-DC218B1B70EE}.Ad-Hoc|iPhoneSimulator.Build.0 = Release|Any CPU
		{35F1704C-16E7-4778-AA5E-DC218B1B70EE}.Ad-Hoc|iPhoneSimulator.Deploy.0 = Release|Any CPU
		{35F1704C-16E7-4778-AA5E-DC218B1B70EE}.AppStore|Any CPU.ActiveCfg = Release|Any CPU
		{35F1704C-16E7-4778-AA5E-DC218B1B70EE}.AppStore|Any CPU.Build.0 = Release|Any CPU
		{35F1704C-16E7-4778-AA5E-DC218B1B70EE}.AppStore|Any CPU.Deploy.0 = Release|Any CPU
		{35F1704C-16E7-4778-AA5E-DC218B1B70EE}.AppStore|iPhone.ActiveCfg = Release|Any CPU
		{35F1704C-16E7-4778-AA5E-DC218B1B70EE}.AppStore|iPhone.Build.0 = Release|Any CPU
		{35F1704C-16E7-4778-AA5E-DC218B1B70EE}.AppStore|iPhone.Deploy.0 = Release|Any CPU
		{35F1704C-16E7-4778-AA5E-DC218B1B70EE}.AppStore|iPhoneSimulator.ActiveCfg = Release|Any CPU
		{35F1704C-16E7-4778-AA5E-DC218B1B70EE}.AppStore|iPhoneSimulator.Build.0 = Release|Any CPU
		{35F1704C-16E7-4778-AA5E-DC218B1B70EE}.AppStore|iPhoneSimulator.Deploy.0 = Release|Any CPU
		{35F1704C-16E7-4778-AA5E-DC218B1B70EE}.Debug|Any CPU.ActiveCfg = Debug|Any CPU
		{35F1704C-16E7-4778-AA5E-DC218B1B70EE}.Debug|Any CPU.Build.0 = Debug|Any CPU
		{35F1704C-16E7-4778-AA5E-DC218B1B70EE}.Debug|Any CPU.Deploy.0 = Debug|Any CPU
		{35F1704C-16E7-4778-AA5E-DC218B1B70EE}.Debug|iPhone.ActiveCfg = Debug|Any CPU
		{35F1704C-16E7-4778-AA5E-DC218B1B70EE}.Debug|iPhone.Build.0 = Debug|Any CPU
		{35F1704C-16E7-4778-AA5E-DC218B1B70EE}.Debug|iPhone.Deploy.0 = Debug|Any CPU
		{35F1704C-16E7-4778-AA5E-DC218B1B70EE}.Debug|iPhoneSimulator.ActiveCfg = Debug|Any CPU
		{35F1704C-16E7-4778-AA5E-DC218B1B70EE}.Debug|iPhoneSimulator.Build.0 = Debug|Any CPU
		{35F1704C-16E7-4778-AA5E-DC218B1B70EE}.Debug|iPhoneSimulator.Deploy.0 = Debug|Any CPU
		{35F1704C-16E7-4778-AA5E-DC218B1B70EE}.Release|Any CPU.ActiveCfg = Release|Any CPU
		{35F1704C-16E7-4778-AA5E-DC218B1B70EE}.Release|Any CPU.Build.0 = Release|Any CPU
		{35F1704C-16E7-4778-AA5E-DC218B1B70EE}.Release|Any CPU.Deploy.0 = Release|Any CPU
		{35F1704C-16E7-4778-AA5E-DC218B1B70EE}.Release|iPhone.ActiveCfg = Release|Any CPU
		{35F1704C-16E7-4778-AA5E-DC218B1B70EE}.Release|iPhone.Build.0 = Release|Any CPU
		{35F1704C-16E7-4778-AA5E-DC218B1B70EE}.Release|iPhone.Deploy.0 = Release|Any CPU
		{35F1704C-16E7-4778-AA5E-DC218B1B70EE}.Release|iPhoneSimulator.ActiveCfg = Release|Any CPU
		{35F1704C-16E7-4778-AA5E-DC218B1B70EE}.Release|iPhoneSimulator.Build.0 = Release|Any CPU
		{35F1704C-16E7-4778-AA5E-DC218B1B70EE}.Release|iPhoneSimulator.Deploy.0 = Release|Any CPU
		{E66E6914-8B87-48A5-9179-A03D002DB7F1}.Ad-Hoc|Any CPU.ActiveCfg = Ad-Hoc|iPhone
		{E66E6914-8B87-48A5-9179-A03D002DB7F1}.Ad-Hoc|Any CPU.Build.0 = Ad-Hoc|iPhone
		{E66E6914-8B87-48A5-9179-A03D002DB7F1}.Ad-Hoc|Any CPU.Deploy.0 = Ad-Hoc|iPhone
		{E66E6914-8B87-48A5-9179-A03D002DB7F1}.Ad-Hoc|iPhone.ActiveCfg = Ad-Hoc|iPhone
		{E66E6914-8B87-48A5-9179-A03D002DB7F1}.Ad-Hoc|iPhone.Build.0 = Ad-Hoc|iPhone
		{E66E6914-8B87-48A5-9179-A03D002DB7F1}.Ad-Hoc|iPhone.Deploy.0 = Ad-Hoc|iPhone
		{E66E6914-8B87-48A5-9179-A03D002DB7F1}.Ad-Hoc|iPhoneSimulator.ActiveCfg = Ad-Hoc|iPhoneSimulator
		{E66E6914-8B87-48A5-9179-A03D002DB7F1}.Ad-Hoc|iPhoneSimulator.Build.0 = Ad-Hoc|iPhoneSimulator
		{E66E6914-8B87-48A5-9179-A03D002DB7F1}.Ad-Hoc|iPhoneSimulator.Deploy.0 = Ad-Hoc|iPhoneSimulator
		{E66E6914-8B87-48A5-9179-A03D002DB7F1}.AppStore|Any CPU.ActiveCfg = AppStore|iPhone
		{E66E6914-8B87-48A5-9179-A03D002DB7F1}.AppStore|Any CPU.Build.0 = AppStore|iPhone
		{E66E6914-8B87-48A5-9179-A03D002DB7F1}.AppStore|Any CPU.Deploy.0 = AppStore|iPhone
		{E66E6914-8B87-48A5-9179-A03D002DB7F1}.AppStore|iPhone.ActiveCfg = AppStore|iPhone
		{E66E6914-8B87-48A5-9179-A03D002DB7F1}.AppStore|iPhone.Build.0 = AppStore|iPhone
		{E66E6914-8B87-48A5-9179-A03D002DB7F1}.AppStore|iPhone.Deploy.0 = AppStore|iPhone
		{E66E6914-8B87-48A5-9179-A03D002DB7F1}.AppStore|iPhoneSimulator.ActiveCfg = AppStore|iPhoneSimulator
		{E66E6914-8B87-48A5-9179-A03D002DB7F1}.AppStore|iPhoneSimulator.Build.0 = AppStore|iPhoneSimulator
		{E66E6914-8B87-48A5-9179-A03D002DB7F1}.AppStore|iPhoneSimulator.Deploy.0 = AppStore|iPhoneSimulator
		{E66E6914-8B87-48A5-9179-A03D002DB7F1}.Debug|Any CPU.ActiveCfg = Debug|iPhoneSimulator
		{E66E6914-8B87-48A5-9179-A03D002DB7F1}.Debug|Any CPU.Build.0 = Debug|iPhoneSimulator
		{E66E6914-8B87-48A5-9179-A03D002DB7F1}.Debug|Any CPU.Deploy.0 = Debug|iPhoneSimulator
		{E66E6914-8B87-48A5-9179-A03D002DB7F1}.Debug|iPhone.ActiveCfg = Debug|iPhone
		{E66E6914-8B87-48A5-9179-A03D002DB7F1}.Debug|iPhone.Build.0 = Debug|iPhone
		{E66E6914-8B87-48A5-9179-A03D002DB7F1}.Debug|iPhone.Deploy.0 = Debug|iPhone
		{E66E6914-8B87-48A5-9179-A03D002DB7F1}.Debug|iPhoneSimulator.ActiveCfg = Debug|iPhoneSimulator
		{E66E6914-8B87-48A5-9179-A03D002DB7F1}.Debug|iPhoneSimulator.Build.0 = Debug|iPhoneSimulator
		{E66E6914-8B87-48A5-9179-A03D002DB7F1}.Debug|iPhoneSimulator.Deploy.0 = Debug|iPhoneSimulator
		{E66E6914-8B87-48A5-9179-A03D002DB7F1}.Release|Any CPU.ActiveCfg = Release|iPhone
		{E66E6914-8B87-48A5-9179-A03D002DB7F1}.Release|Any CPU.Build.0 = Release|iPhone
		{E66E6914-8B87-48A5-9179-A03D002DB7F1}.Release|Any CPU.Deploy.0 = Release|iPhone
		{E66E6914-8B87-48A5-9179-A03D002DB7F1}.Release|iPhone.ActiveCfg = Release|iPhone
		{E66E6914-8B87-48A5-9179-A03D002DB7F1}.Release|iPhone.Build.0 = Release|iPhone
		{E66E6914-8B87-48A5-9179-A03D002DB7F1}.Release|iPhone.Deploy.0 = Release|iPhone
		{E66E6914-8B87-48A5-9179-A03D002DB7F1}.Release|iPhoneSimulator.ActiveCfg = Release|iPhoneSimulator
		{E66E6914-8B87-48A5-9179-A03D002DB7F1}.Release|iPhoneSimulator.Build.0 = Release|iPhoneSimulator
		{E66E6914-8B87-48A5-9179-A03D002DB7F1}.Release|iPhoneSimulator.Deploy.0 = Release|iPhoneSimulator
		{ADDBB549-ACAC-434D-99D1-8F26787354BF}.Ad-Hoc|Any CPU.ActiveCfg = Debug|Any CPU
		{ADDBB549-ACAC-434D-99D1-8F26787354BF}.Ad-Hoc|Any CPU.Build.0 = Debug|Any CPU
		{ADDBB549-ACAC-434D-99D1-8F26787354BF}.Ad-Hoc|Any CPU.Deploy.0 = Debug|Any CPU
		{ADDBB549-ACAC-434D-99D1-8F26787354BF}.Ad-Hoc|iPhone.ActiveCfg = Debug|Any CPU
		{ADDBB549-ACAC-434D-99D1-8F26787354BF}.Ad-Hoc|iPhone.Build.0 = Debug|Any CPU
		{ADDBB549-ACAC-434D-99D1-8F26787354BF}.Ad-Hoc|iPhone.Deploy.0 = Debug|Any CPU
		{ADDBB549-ACAC-434D-99D1-8F26787354BF}.Ad-Hoc|iPhoneSimulator.ActiveCfg = Debug|Any CPU
		{ADDBB549-ACAC-434D-99D1-8F26787354BF}.Ad-Hoc|iPhoneSimulator.Build.0 = Debug|Any CPU
		{ADDBB549-ACAC-434D-99D1-8F26787354BF}.Ad-Hoc|iPhoneSimulator.Deploy.0 = Debug|Any CPU
		{ADDBB549-ACAC-434D-99D1-8F26787354BF}.AppStore|Any CPU.ActiveCfg = Debug|Any CPU
		{ADDBB549-ACAC-434D-99D1-8F26787354BF}.AppStore|Any CPU.Build.0 = Debug|Any CPU
		{ADDBB549-ACAC-434D-99D1-8F26787354BF}.AppStore|Any CPU.Deploy.0 = Debug|Any CPU
		{ADDBB549-ACAC-434D-99D1-8F26787354BF}.AppStore|iPhone.ActiveCfg = Debug|Any CPU
		{ADDBB549-ACAC-434D-99D1-8F26787354BF}.AppStore|iPhone.Build.0 = Debug|Any CPU
		{ADDBB549-ACAC-434D-99D1-8F26787354BF}.AppStore|iPhone.Deploy.0 = Debug|Any CPU
		{ADDBB549-ACAC-434D-99D1-8F26787354BF}.AppStore|iPhoneSimulator.ActiveCfg = Debug|Any CPU
		{ADDBB549-ACAC-434D-99D1-8F26787354BF}.AppStore|iPhoneSimulator.Build.0 = Debug|Any CPU
		{ADDBB549-ACAC-434D-99D1-8F26787354BF}.AppStore|iPhoneSimulator.Deploy.0 = Debug|Any CPU
		{ADDBB549-ACAC-434D-99D1-8F26787354BF}.Debug|Any CPU.ActiveCfg = Debug|Any CPU
		{ADDBB549-ACAC-434D-99D1-8F26787354BF}.Debug|Any CPU.Build.0 = Debug|Any CPU
		{ADDBB549-ACAC-434D-99D1-8F26787354BF}.Debug|Any CPU.Deploy.0 = Debug|Any CPU
		{ADDBB549-ACAC-434D-99D1-8F26787354BF}.Debug|iPhone.ActiveCfg = Debug|Any CPU
		{ADDBB549-ACAC-434D-99D1-8F26787354BF}.Debug|iPhone.Build.0 = Debug|Any CPU
		{ADDBB549-ACAC-434D-99D1-8F26787354BF}.Debug|iPhone.Deploy.0 = Debug|Any CPU
		{ADDBB549-ACAC-434D-99D1-8F26787354BF}.Debug|iPhoneSimulator.ActiveCfg = Debug|Any CPU
		{ADDBB549-ACAC-434D-99D1-8F26787354BF}.Debug|iPhoneSimulator.Build.0 = Debug|Any CPU
		{ADDBB549-ACAC-434D-99D1-8F26787354BF}.Debug|iPhoneSimulator.Deploy.0 = Debug|Any CPU
		{ADDBB549-ACAC-434D-99D1-8F26787354BF}.Release|Any CPU.ActiveCfg = Release|Any CPU
		{ADDBB549-ACAC-434D-99D1-8F26787354BF}.Release|Any CPU.Build.0 = Release|Any CPU
		{ADDBB549-ACAC-434D-99D1-8F26787354BF}.Release|Any CPU.Deploy.0 = Release|Any CPU
		{ADDBB549-ACAC-434D-99D1-8F26787354BF}.Release|iPhone.ActiveCfg = Release|Any CPU
		{ADDBB549-ACAC-434D-99D1-8F26787354BF}.Release|iPhone.Build.0 = Release|Any CPU
		{ADDBB549-ACAC-434D-99D1-8F26787354BF}.Release|iPhone.Deploy.0 = Release|Any CPU
		{ADDBB549-ACAC-434D-99D1-8F26787354BF}.Release|iPhoneSimulator.ActiveCfg = Release|Any CPU
		{ADDBB549-ACAC-434D-99D1-8F26787354BF}.Release|iPhoneSimulator.Build.0 = Release|Any CPU
		{ADDBB549-ACAC-434D-99D1-8F26787354BF}.Release|iPhoneSimulator.Deploy.0 = Release|Any CPU
	EndGlobalSection
	GlobalSection(SolutionProperties) = preSolution
		HideSolutionNode = FALSE
	EndGlobalSection
	GlobalSection(ExtensibilityGlobals) = postSolution
		SolutionGuid = {5A83F100-DBF4-4695-B589-2641FE40AAB2}
	EndGlobalSection
EndGlobal
